
Microsoft Visual Studio Solution File, Format Version 12.00
# Visual Studio Version 17
VisualStudioVersion = 17.8.34525.116
MinimumVisualStudioVersion = 10.0.40219.1
Project("{FAE04EC0-301F-11D3-BF4B-00C04F79EFBC}") = "modules_8_ex2", "modules_8_ex2\modules_8_ex2.csproj", "{97ECE5CC-E0A6-4593-9E49-06BE722181B8}"
EndProject
Global
	GlobalSection(SolutionConfigurationPlatforms) = preSolution
		Debug|Any CPU = Debug|Any CPU
		Release|Any CPU = Release|Any CPU
	EndGlobalSection
	GlobalSection(ProjectConfigurationPlatforms) = postSolution
		{97ECE5CC-E0A6-4593-9E49-06BE722181B8}.Debug|Any CPU.ActiveCfg = Debug|Any CPU
		{97ECE5CC-E0A6-4593-9E49-06BE722181B8}.Debug|Any CPU.Build.0 = Debug|Any CPU
		{97ECE5CC-E0A6-4593-9E49-06BE722181B8}.Release|Any CPU.ActiveCfg = Release|Any CPU
		{97ECE5CC-E0A6-4593-9E49-06BE722181B8}.Release|Any CPU.Build.0 = Release|Any CPU
	EndGlobalSection
	GlobalSection(SolutionProperties) = preSolution
		HideSolutionNode = FALSE
	EndGlobalSection
	GlobalSection(ExtensibilityGlobals) = postSolution
		SolutionGuid = {7E3A24E5-1AA9-44F6-9F06-0C051A2207FB}
	EndGlobalSection
EndGlobal
